
Microsoft Visual Studio Solution File, Format Version 12.00
# Visual Studio 15
VisualStudioVersion = 15.0.27703.2042
MinimumVisualStudioVersion = 10.0.40219.1
Project("{FAE04EC0-301F-11D3-BF4B-00C04F79EFBC}") = "K-nearest neighbors", "K-nearest neighbors\K-nearest neighbors.csproj", "{3709543E-3B2B-4454-8FE0-C401874991E8}"
EndProject
Global
	GlobalSection(SolutionConfigurationPlatforms) = preSolution
		Debug|Any CPU = Debug|Any CPU
		Release|Any CPU = Release|Any CPU
	EndGlobalSection
	GlobalSection(ProjectConfigurationPlatforms) = postSolution
		{3709543E-3B2B-4454-8FE0-C401874991E8}.Debug|Any CPU.ActiveCfg = Debug|Any CPU
		{3709543E-3B2B-4454-8FE0-C401874991E8}.Debug|Any CPU.Build.0 = Debug|Any CPU
		{3709543E-3B2B-4454-8FE0-C401874991E8}.Release|Any CPU.ActiveCfg = Release|Any CPU
		{3709543E-3B2B-4454-8FE0-C401874991E8}.Release|Any CPU.Build.0 = Release|Any CPU
	EndGlobalSection
	GlobalSection(SolutionProperties) = preSolution
		HideSolutionNode = FALSE
	EndGlobalSection
	GlobalSection(ExtensibilityGlobals) = postSolution
		SolutionGuid = {EFC66232-17E6-46EA-8717-389FD9A77AB0}
	EndGlobalSection
EndGlobal
